---
- hosts: two
  become: true
  become_user: root
  tasks:
          - block:
                  - name: Installing httpd package
                    yum:
                            name: httpd
                            state: present
                  - name: starting httpd service
                    service:
                            name: httpd
                            state: started
            when: ansible_os_family == "RedHat"
          - block:
                  - name: Installing apache2 package
                    yum:
                            name: apache2
                            state: present
                  - name: Startinng apache2 service
                    service:
                            name: apache2
                            state: started
            when: ansible_os_family == "Debian"
          - debug:
                  msg: "Successfully completed all tasks"
